PODS:
  - FlutterMacOS (1.0.0)
  - rust_in_flutter (0.1.0):
    - FlutterMacOS

DEPENDENCIES:
  - FlutterMacOS (from `Flutter/ephemeral`)
  - rust_in_flutter (from `Flutter/ephemeral/.symlinks/plugins/rust_in_flutter/macos`)

EXTERNAL SOURCES:
  FlutterMacOS:
    :path: Flutter/ephemeral
  rust_in_flutter:
    :path: Flutter/ephemeral/.symlinks/plugins/rust_in_flutter/macos

SPEC CHECKSUMS:
  FlutterMacOS: 8f6f14fa908a6fb3fba0cd85dbd81ec4b251fb24
  rust_in_flutter: c5b8f2012c7c912d79bb3272412e212bb8aa202c

PODFILE CHECKSUM: 236401fc2c932af29a9fcf0e97baeeb2d750d367

COCOAPODS: 1.13.0
